
Microsoft Visual Studio Solution File, Format Version 12.00
# Visual Studio Version 17
VisualStudioVersion = 17.6.33801.468
MinimumVisualStudioVersion = 10.0.40219.1
Project("{9A19103F-16F7-4668-BE54-9A1E7A4F7556}") = "STGenetics.API", "STGenetics.API\STGenetics.API.csproj", "{47F61EA3-D679-4D00-8B33-D1C401D660F6}"
EndProject
Project("{2150E333-8FDC-42A3-9474-1A3956D46DE8}") = "Infrastructure", "Infrastructure", "{B3753EF9-6238-4DF1-A2F4-CA77D1F93226}"
EndProject
Project("{2150E333-8FDC-42A3-9474-1A3956D46DE8}") = "Application", "Application", "{F8C6D839-8E36-42CC-8FD2-35D32E0B4FFF}"
EndProject
Project("{9A19103F-16F7-4668-BE54-9A1E7A4F7556}") = "STGenetics.Application", "Application\STGenetics.Application.csproj", "{4F83C3E5-6E7A-42BF-89F3-33BCB34A0533}"
EndProject
Project("{2150E333-8FDC-42A3-9474-1A3956D46DE8}") = "src", "src", "{B6AEEFAF-2C3A-446E-B53F-77C87FFBF51D}"
EndProject
Project("{2150E333-8FDC-42A3-9474-1A3956D46DE8}") = "API", "API", "{06659295-7757-458C-91D1-48C099F0AC87}"
EndProject
Project("{9A19103F-16F7-4668-BE54-9A1E7A4F7556}") = "STGenetics.ApplicationServices", "STGenetics.ApplicationServices\STGenetics.ApplicationServices.csproj", "{F15431C3-36BB-4271-AD63-AB7E026CFD60}"
EndProject
Project("{2150E333-8FDC-42A3-9474-1A3956D46DE8}") = "Domain", "Domain", "{41B4F9D1-FF80-4BA4-B0F8-E7A22A8715F8}"
EndProject
Project("{9A19103F-16F7-4668-BE54-9A1E7A4F7556}") = "STGenetics.Domain", "STGenetics.Domain\STGenetics.Domain.csproj", "{772528E7-235E-4136-9876-6DA422E035CF}"
EndProject
Project("{9A19103F-16F7-4668-BE54-9A1E7A4F7556}") = "STGenetics.DomainServices", "STGenetics.DomainServices\STGenetics.DomainServices.csproj", "{DA7E7153-066D-49C3-9DB0-07B62C06742C}"
EndProject
Project("{9A19103F-16F7-4668-BE54-9A1E7A4F7556}") = "STGenetics.Infrastructure.Queries", "STGenetics.Infrastructure.Queries\STGenetics.Infrastructure.Queries.csproj", "{988C03C9-4C09-4276-9BF9-AB213754E2C8}"
EndProject
Project("{9A19103F-16F7-4668-BE54-9A1E7A4F7556}") = "STGenetics.Repositories", "STGenetics.Repositories\STGenetics.Repositories.csproj", "{08136048-2A41-47A4-95B4-12119410A8C8}"
EndProject
Project("{2150E333-8FDC-42A3-9474-1A3956D46DE8}") = "DataBase", "DataBase", "{0F0B6FFB-360B-4706-8E82-F86831AE9CE6}"
	ProjectSection(SolutionItems) = preProject
		TablesScript.sql = TablesScript.sql
	EndProjectSection
EndProject
Global
	GlobalSection(SolutionConfigurationPlatforms) = preSolution
		Debug|Any CPU = Debug|Any CPU
		Release|Any CPU = Release|Any CPU
	EndGlobalSection
	GlobalSection(ProjectConfigurationPlatforms) = postSolution
		{47F61EA3-D679-4D00-8B33-D1C401D660F6}.Debug|Any CPU.ActiveCfg = Debug|Any CPU
		{47F61EA3-D679-4D00-8B33-D1C401D660F6}.Debug|Any CPU.Build.0 = Debug|Any CPU
		{47F61EA3-D679-4D00-8B33-D1C401D660F6}.Release|Any CPU.ActiveCfg = Release|Any CPU
		{47F61EA3-D679-4D00-8B33-D1C401D660F6}.Release|Any CPU.Build.0 = Release|Any CPU
		{4F83C3E5-6E7A-42BF-89F3-33BCB34A0533}.Debug|Any CPU.ActiveCfg = Debug|Any CPU
		{4F83C3E5-6E7A-42BF-89F3-33BCB34A0533}.Debug|Any CPU.Build.0 = Debug|Any CPU
		{4F83C3E5-6E7A-42BF-89F3-33BCB34A0533}.Release|Any CPU.ActiveCfg = Release|Any CPU
		{4F83C3E5-6E7A-42BF-89F3-33BCB34A0533}.Release|Any CPU.Build.0 = Release|Any CPU
		{F15431C3-36BB-4271-AD63-AB7E026CFD60}.Debug|Any CPU.ActiveCfg = Debug|Any CPU
		{F15431C3-36BB-4271-AD63-AB7E026CFD60}.Debug|Any CPU.Build.0 = Debug|Any CPU
		{F15431C3-36BB-4271-AD63-AB7E026CFD60}.Release|Any CPU.ActiveCfg = Release|Any CPU
		{F15431C3-36BB-4271-AD63-AB7E026CFD60}.Release|Any CPU.Build.0 = Release|Any CPU
		{772528E7-235E-4136-9876-6DA422E035CF}.Debug|Any CPU.ActiveCfg = Debug|Any CPU
		{772528E7-235E-4136-9876-6DA422E035CF}.Debug|Any CPU.Build.0 = Debug|Any CPU
		{772528E7-235E-4136-9876-6DA422E035CF}.Release|Any CPU.ActiveCfg = Release|Any CPU
		{772528E7-235E-4136-9876-6DA422E035CF}.Release|Any CPU.Build.0 = Release|Any CPU
		{DA7E7153-066D-49C3-9DB0-07B62C06742C}.Debug|Any CPU.ActiveCfg = Debug|Any CPU
		{DA7E7153-066D-49C3-9DB0-07B62C06742C}.Debug|Any CPU.Build.0 = Debug|Any CPU
		{DA7E7153-066D-49C3-9DB0-07B62C06742C}.Release|Any CPU.ActiveCfg = Release|Any CPU
		{DA7E7153-066D-49C3-9DB0-07B62C06742C}.Release|Any CPU.Build.0 = Release|Any CPU
		{988C03C9-4C09-4276-9BF9-AB213754E2C8}.Debug|Any CPU.ActiveCfg = Debug|Any CPU
		{988C03C9-4C09-4276-9BF9-AB213754E2C8}.Debug|Any CPU.Build.0 = Debug|Any CPU
		{988C03C9-4C09-4276-9BF9-AB213754E2C8}.Release|Any CPU.ActiveCfg = Release|Any CPU
		{988C03C9-4C09-4276-9BF9-AB213754E2C8}.Release|Any CPU.Build.0 = Release|Any CPU
		{08136048-2A41-47A4-95B4-12119410A8C8}.Debug|Any CPU.ActiveCfg = Debug|Any CPU
		{08136048-2A41-47A4-95B4-12119410A8C8}.Debug|Any CPU.Build.0 = Debug|Any CPU
		{08136048-2A41-47A4-95B4-12119410A8C8}.Release|Any CPU.ActiveCfg = Release|Any CPU
		{08136048-2A41-47A4-95B4-12119410A8C8}.Release|Any CPU.Build.0 = Release|Any CPU
	EndGlobalSection
	GlobalSection(SolutionProperties) = preSolution
		HideSolutionNode = FALSE
	EndGlobalSection
	GlobalSection(NestedProjects) = preSolution
		{47F61EA3-D679-4D00-8B33-D1C401D660F6} = {06659295-7757-458C-91D1-48C099F0AC87}
		{B3753EF9-6238-4DF1-A2F4-CA77D1F93226} = {B6AEEFAF-2C3A-446E-B53F-77C87FFBF51D}
		{F8C6D839-8E36-42CC-8FD2-35D32E0B4FFF} = {B6AEEFAF-2C3A-446E-B53F-77C87FFBF51D}
		{4F83C3E5-6E7A-42BF-89F3-33BCB34A0533} = {F8C6D839-8E36-42CC-8FD2-35D32E0B4FFF}
		{06659295-7757-458C-91D1-48C099F0AC87} = {B6AEEFAF-2C3A-446E-B53F-77C87FFBF51D}
		{F15431C3-36BB-4271-AD63-AB7E026CFD60} = {F8C6D839-8E36-42CC-8FD2-35D32E0B4FFF}
		{41B4F9D1-FF80-4BA4-B0F8-E7A22A8715F8} = {B6AEEFAF-2C3A-446E-B53F-77C87FFBF51D}
		{772528E7-235E-4136-9876-6DA422E035CF} = {41B4F9D1-FF80-4BA4-B0F8-E7A22A8715F8}
		{DA7E7153-066D-49C3-9DB0-07B62C06742C} = {41B4F9D1-FF80-4BA4-B0F8-E7A22A8715F8}
		{988C03C9-4C09-4276-9BF9-AB213754E2C8} = {B3753EF9-6238-4DF1-A2F4-CA77D1F93226}
		{08136048-2A41-47A4-95B4-12119410A8C8} = {B3753EF9-6238-4DF1-A2F4-CA77D1F93226}
		{0F0B6FFB-360B-4706-8E82-F86831AE9CE6} = {B6AEEFAF-2C3A-446E-B53F-77C87FFBF51D}
	EndGlobalSection
	GlobalSection(ExtensibilityGlobals) = postSolution
		SolutionGuid = {93F6B60A-CCD8-421C-B4EA-2D220B4478F6}
	EndGlobalSection
EndGlobal
